
Microsoft Visual Studio Solution File, Format Version 12.00
# Visual Studio Version 16
VisualStudioVersion = 16.0.29025.244
MinimumVisualStudioVersion = 10.0.40219.1
Project("{FAE04EC0-301F-11D3-BF4B-00C04F79EFBC}") = "PrivateMessageSender", "PrivateMessageSender\PrivateMessageSender.csproj", "{6FAABC4D-AFCD-42E8-AA7D-8498D009CEC8}"
EndProject
Project("{FAE04EC0-301F-11D3-BF4B-00C04F79EFBC}") = "PrivateMessageReceiver", "PrivateMessageReceiver\PrivateMessageReceiver.csproj", "{884E8032-F1E4-4B98-85F9-563025F73068}"
EndProject
Project("{FAE04EC0-301F-11D3-BF4B-00C04F79EFBC}") = "PerformanceMessageSender", "PerformanceMessageSender\PerformanceMessageSender.csproj", "{9053AD17-073D-453E-9C94-519855B76C87}"
EndProject
Project("{FAE04EC0-301F-11D3-BF4B-00C04F79EFBC}") = "PerformanceMessageReceiver", "PerformanceMessageReceiver\PerformanceMessageReceiver.csproj", "{1D690E05-B7FC-4575-B129-60E76DA52C69}"
EndProject
Global
	GlobalSection(SolutionConfigurationPlatforms) = preSolution
		Debug|Any CPU = Debug|Any CPU
		Release|Any CPU = Release|Any CPU
	EndGlobalSection
	GlobalSection(ProjectConfigurationPlatforms) = postSolution
		{6FAABC4D-AFCD-42E8-AA7D-8498D009CEC8}.Debug|Any CPU.ActiveCfg = Debug|Any CPU
		{6FAABC4D-AFCD-42E8-AA7D-8498D009CEC8}.Debug|Any CPU.Build.0 = Debug|Any CPU
		{6FAABC4D-AFCD-42E8-AA7D-8498D009CEC8}.Release|Any CPU.ActiveCfg = Release|Any CPU
		{6FAABC4D-AFCD-42E8-AA7D-8498D009CEC8}.Release|Any CPU.Build.0 = Release|Any CPU
		{884E8032-F1E4-4B98-85F9-563025F73068}.Debug|Any CPU.ActiveCfg = Debug|Any CPU
		{884E8032-F1E4-4B98-85F9-563025F73068}.Debug|Any CPU.Build.0 = Debug|Any CPU
		{884E8032-F1E4-4B98-85F9-563025F73068}.Release|Any CPU.ActiveCfg = Release|Any CPU
		{884E8032-F1E4-4B98-85F9-563025F73068}.Release|Any CPU.Build.0 = Release|Any CPU
		{9053AD17-073D-453E-9C94-519855B76C87}.Debug|Any CPU.ActiveCfg = Debug|Any CPU
		{9053AD17-073D-453E-9C94-519855B76C87}.Debug|Any CPU.Build.0 = Debug|Any CPU
		{9053AD17-073D-453E-9C94-519855B76C87}.Release|Any CPU.ActiveCfg = Release|Any CPU
		{9053AD17-073D-453E-9C94-519855B76C87}.Release|Any CPU.Build.0 = Release|Any CPU
		{1D690E05-B7FC-4575-B129-60E76DA52C69}.Debug|Any CPU.ActiveCfg = Debug|Any CPU
		{1D690E05-B7FC-4575-B129-60E76DA52C69}.Debug|Any CPU.Build.0 = Debug|Any CPU
		{1D690E05-B7FC-4575-B129-60E76DA52C69}.Release|Any CPU.ActiveCfg = Release|Any CPU
		{1D690E05-B7FC-4575-B129-60E76DA52C69}.Release|Any CPU.Build.0 = Release|Any CPU
	EndGlobalSection
	GlobalSection(SolutionProperties) = preSolution
		HideSolutionNode = FALSE
	EndGlobalSection
	GlobalSection(ExtensibilityGlobals) = postSolution
		SolutionGuid = {12B89ABC-E5EE-4A4A-AE49-C1C6172C2107}
	EndGlobalSection
EndGlobal
